
Microsoft Visual Studio Solution File, Format Version 12.00
# Visual Studio Version 17
VisualStudioVersion = 17.3.32922.545
MinimumVisualStudioVersion = 10.0.40219.1
Project("{FAE04EC0-301F-11D3-BF4B-00C04F79EFBC}") = "NpWfTcpClientServer_P05", "NpWfTcpClientServer_P05\NpWfTcpClientServer_P05.csproj", "{58560688-169B-4C70-A5B2-6B869C222795}"
EndProject
Project("{FAE04EC0-301F-11D3-BF4B-00C04F79EFBC}") = "Server", "Server\Server.csproj", "{0A01FAF5-9DDC-4E17-A120-97A30F73F546}"
EndProject
Global
	GlobalSection(SolutionConfigurationPlatforms) = preSolution
		Debug|Any CPU = Debug|Any CPU
		Release|Any CPU = Release|Any CPU
	EndGlobalSection
	GlobalSection(ProjectConfigurationPlatforms) = postSolution
		{58560688-169B-4C70-A5B2-6B869C222795}.Debug|Any CPU.ActiveCfg = Debug|Any CPU
		{58560688-169B-4C70-A5B2-6B869C222795}.Debug|Any CPU.Build.0 = Debug|Any CPU
		{58560688-169B-4C70-A5B2-6B869C222795}.Release|Any CPU.ActiveCfg = Release|Any CPU
		{58560688-169B-4C70-A5B2-6B869C222795}.Release|Any CPU.Build.0 = Release|Any CPU
		{0A01FAF5-9DDC-4E17-A120-97A30F73F546}.Debug|Any CPU.ActiveCfg = Debug|Any CPU
		{0A01FAF5-9DDC-4E17-A120-97A30F73F546}.Debug|Any CPU.Build.0 = Debug|Any CPU
		{0A01FAF5-9DDC-4E17-A120-97A30F73F546}.Release|Any CPU.ActiveCfg = Release|Any CPU
		{0A01FAF5-9DDC-4E17-A120-97A30F73F546}.Release|Any CPU.Build.0 = Release|Any CPU
	EndGlobalSection
	GlobalSection(SolutionProperties) = preSolution
		HideSolutionNode = FALSE
	EndGlobalSection
	GlobalSection(ExtensibilityGlobals) = postSolution
		SolutionGuid = {59271FDF-1ED3-49B0-AD97-D9E905683A01}
	EndGlobalSection
EndGlobal
